// !$*UTF8*$!
{
	archiveVersion = 1;
	classes = {
	};
	objectVersion = 46;
	objects = {

/* Begin PBXBuildFile section */
		993E33411E4B76E900D13CC0 /* AppDelegate.swift in Sources */ = {isa = PBXBuildFile; fileRef = 993E33401E4B76E900D13CC0 /* AppDelegate.swift */; };
		993E33431E4B76E900D13CC0 /* MessagesController.swift in Sources */ = {isa = PBXBuildFile; fileRef = 993E33421E4B76E900D13CC0 /* MessagesController.swift */; };
		993E33461E4B76E900D13CC0 /* Main.storyboard in Resources */ = {isa = PBXBuildFile; fileRef = 993E33441E4B76E900D13CC0 /* Main.storyboard */; };
		993E33481E4B76E900D13CC0 /* Assets.xcassets in Resources */ = {isa = PBXBuildFile; fileRef = 993E33471E4B76E900D13CC0 /* Assets.xcassets */; };
		993E334B1E4B76E900D13CC0 /* LaunchScreen.storyboard in Resources */ = {isa = PBXBuildFile; fileRef = 993E33491E4B76E900D13CC0 /* LaunchScreen.storyboard */; };
		993E33541E4B802D00D13CC0 /* LoginController.swift in Sources */ = {isa = PBXBuildFile; fileRef = 993E33531E4B802D00D13CC0 /* LoginController.swift */; };
		993E33561E4BC54E00D13CC0 /* GoogleService-Info.plist in Resources */ = {isa = PBXBuildFile; fileRef = 993E33551E4BC54E00D13CC0 /* GoogleService-Info.plist */; };
		997B19D21E4C8DB40004F5CD /* NewMessageTableViewController.swift in Sources */ = {isa = PBXBuildFile; fileRef = 997B19D11E4C8DB40004F5CD /* NewMessageTableViewController.swift */; };
		997B19D51E4C93DB0004F5CD /* User.swift in Sources */ = {isa = PBXBuildFile; fileRef = 997B19D41E4C93DB0004F5CD /* User.swift */; };
		997B19D71E4CA1D80004F5CD /* LoginController+handlers.swift in Sources */ = {isa = PBXBuildFile; fileRef = 997B19D61E4CA1D80004F5CD /* LoginController+handlers.swift */; };
		997B19DA1E4CD07A0004F5CD /* Extensions.swift in Sources */ = {isa = PBXBuildFile; fileRef = 997B19D91E4CD07A0004F5CD /* Extensions.swift */; };
		B32F35DF73FFABB651226A36 /* Pods_FireBaseLoginRegister.framework in Frameworks */ = {isa = PBXBuildFile; fileRef = CF716C0E69AC2F71E8C76B5C /* Pods_FireBaseLoginRegister.framework */; };
/* End PBXBuildFile section */

/* Begin PBXFileReference section */
		4E2BB721BA373C28566FC089 /* Pods-FireBaseLoginRegister.release.xcconfig */ = {isa = PBXFileReference; includeInIndex = 1; lastKnownFileType = text.xcconfig; name = "Pods-FireBaseLoginRegister.release.xcconfig"; path = "Pods/Target Support Files/Pods-FireBaseLoginRegister/Pods-FireBaseLoginRegister.release.xcconfig"; sourceTree = "<group>"; };
		993E333D1E4B76E900D13CC0 /* FireBaseLoginRegister.app */ = {isa = PBXFileReference; explicitFileType = wrapper.application; includeInIndex = 0; path = FireBaseLoginRegister.app; sourceTree = BUILT_PRODUCTS_DIR; };
		993E33401E4B76E900D13CC0 /* AppDelegate.swift */ = {isa = PBXFileReference; lastKnownFileType = sourcecode.swift; path = AppDelegate.swift; sourceTree = "<group>"; };
		993E33421E4B76E900D13CC0 /* MessagesController.swift */ = {isa = PBXFileReference; lastKnownFileType = sourcecode.swift; path = MessagesController.swift; sourceTree = "<group>"; };
		993E33451E4B76E900D13CC0 /* Base */ = {isa = PBXFileReference; lastKnownFileType = file.storyboard; name = Base; path = Base.lproj/Main.storyboard; sourceTree = "<group>"; };
		993E33471E4B76E900D13CC0 /* Assets.xcassets */ = {isa = PBXFileReference; lastKnownFileType = folder.assetcatalog; path = Assets.xcassets; sourceTree = "<group>"; };
		993E334A1E4B76E900D13CC0 /* Base */ = {isa = PBXFileReference; lastKnownFileType = file.storyboard; name = Base; path = Base.lproj/LaunchScreen.storyboard; sourceTree = "<group>"; };
		993E334C1E4B76E900D13CC0 /* Info.plist */ = {isa = PBXFileReference; lastKnownFileType = text.plist.xml; path = Info.plist; sourceTree = "<group>"; };
		993E33531E4B802D00D13CC0 /* LoginController.swift */ = {isa = PBXFileReference; fileEncoding = 4; lastKnownFileType = sourcecode.swift; path = LoginController.swift; sourceTree = "<group>"; };
		993E33551E4BC54E00D13CC0 /* GoogleService-Info.plist */ = {isa = PBXFileReference; fileEncoding = 4; lastKnownFileType = text.plist.xml; path = "GoogleService-Info.plist"; sourceTree = "<group>"; };
		997B19D11E4C8DB40004F5CD /* NewMessageTableViewController.swift */ = {isa = PBXFileReference; fileEncoding = 4; lastKnownFileType = sourcecode.swift; path = NewMessageTableViewController.swift; sourceTree = "<group>"; };
		997B19D41E4C93DB0004F5CD /* User.swift */ = {isa = PBXFileReference; fileEncoding = 4; lastKnownFileType = sourcecode.swift; path = User.swift; sourceTree = "<group>"; };
		997B19D61E4CA1D80004F5CD /* LoginController+handlers.swift */ = {isa = PBXFileReference; fileEncoding = 4; lastKnownFileType = sourcecode.swift; path = "LoginController+handlers.swift"; sourceTree = "<group>"; };
		997B19D91E4CD07A0004F5CD /* Extensions.swift */ = {isa = PBXFileReference; fileEncoding = 4; lastKnownFileType = sourcecode.swift; path = Extensions.swift; sourceTree = "<group>"; };
		B642952C570B38824D476A87 /* Pods-FireBaseLoginRegister.debug.xcconfig */ = {isa = PBXFileReference; includeInIndex = 1; lastKnownFileType = text.xcconfig; name = "Pods-FireBaseLoginRegister.debug.xcconfig"; path = "Pods/Target Support Files/Pods-FireBaseLoginRegister/Pods-FireBaseLoginRegister.debug.xcconfig"; sourceTree = "<group>"; };
		CF716C0E69AC2F71E8C76B5C /* Pods_FireBaseLoginRegister.framework */ = {isa = PBXFileReference; explicitFileType = wrapper.framework; includeInIndex = 0; path = Pods_FireBaseLoginRegister.framework; sourceTree = BUILT_PRODUCTS_DIR; };
/* End PBXFileReference section */

/* Begin PBXFrameworksBuildPhase section */
		993E333A1E4B76E900D13CC0 /* Frameworks */ = {
			isa = PBXFrameworksBuildPhase;
			buildActionMask = 2147483647;
			files = (
				B32F35DF73FFABB651226A36 /* Pods_FireBaseLoginRegister.framework in Frameworks */,
			);
			runOnlyForDeploymentPostprocessing = 0;
		};
/* End PBXFrameworksBuildPhase section */

/* Begin PBXGroup section */
		3210BDA64629AD894AEA9346 /* Pods */ = {
			isa = PBXGroup;
			children = (
				B642952C570B38824D476A87 /* Pods-FireBaseLoginRegister.debug.xcconfig */,
				4E2BB721BA373C28566FC089 /* Pods-FireBaseLoginRegister.release.xcconfig */,
			);
			name = Pods;
			sourceTree = "<group>";
		};
		42CFC476EB02283E95D778EF /* Frameworks */ = {
			isa = PBXGroup;
			children = (
				CF716C0E69AC2F71E8C76B5C /* Pods_FireBaseLoginRegister.framework */,
			);
			name = Frameworks;
			sourceTree = "<group>";
		};
		993E33341E4B76E900D13CC0 = {
			isa = PBXGroup;
			children = (
				993E333F1E4B76E900D13CC0 /* FireBaseLoginRegister */,
				993E333E1E4B76E900D13CC0 /* Products */,
				3210BDA64629AD894AEA9346 /* Pods */,
				42CFC476EB02283E95D778EF /* Frameworks */,
			);
			sourceTree = "<group>";
		};
		993E333E1E4B76E900D13CC0 /* Products */ = {
			isa = PBXGroup;
			children = (
				993E333D1E4B76E900D13CC0 /* FireBaseLoginRegister.app */,
			);
			name = Products;
			sourceTree = "<group>";
		};
		993E333F1E4B76E900D13CC0 /* FireBaseLoginRegister */ = {
			isa = PBXGroup;
			children = (
				997B19D81E4CD0630004F5CD /* Helpers */,
				997B19D31E4C93C40004F5CD /* Model */,
				993E33521E4B801500D13CC0 /* Controller */,
				993E33401E4B76E900D13CC0 /* AppDelegate.swift */,
				993E33441E4B76E900D13CC0 /* Main.storyboard */,
				993E33471E4B76E900D13CC0 /* Assets.xcassets */,
				993E33491E4B76E900D13CC0 /* LaunchScreen.storyboard */,
				993E334C1E4B76E900D13CC0 /* Info.plist */,
				993E33551E4BC54E00D13CC0 /* GoogleService-Info.plist */,
			);
			path = FireBaseLoginRegister;
			sourceTree = "<group>";
		};
		993E33521E4B801500D13CC0 /* Controller */ = {
			isa = PBXGroup;
			children = (
				993E33531E4B802D00D13CC0 /* LoginController.swift */,
				993E33421E4B76E900D13CC0 /* MessagesController.swift */,
				997B19D11E4C8DB40004F5CD /* NewMessageTableViewController.swift */,
				997B19D61E4CA1D80004F5CD /* LoginController+handlers.swift */,
			);
			name = Controller;
			sourceTree = "<group>";
		};
		997B19D31E4C93C40004F5CD /* Model */ = {
			isa = PBXGroup;
			children = (
				997B19D41E4C93DB0004F5CD /* User.swift */,
			);
			name = Model;
			sourceTree = "<group>";
		};
		997B19D81E4CD0630004F5CD /* Helpers */ = {
			isa = PBXGroup;
			children = (
				997B19D91E4CD07A0004F5CD /* Extensions.swift */,
			);
			name = Helpers;
			sourceTree = "<group>";
		};
/* End PBXGroup section */

/* Begin PBXNativeTarget section */
		993E333C1E4B76E900D13CC0 /* FireBaseLoginRegister */ = {
			isa = PBXNativeTarget;
			buildConfigurationList = 993E334F1E4B76E900D13CC0 /* Build configuration list for PBXNativeTarget "FireBaseLoginRegister" */;
			buildPhases = (
				1B38DDF4888B912493C2B006 /* [CP] Check Pods Manifest.lock */,
				993E33391E4B76E900D13CC0 /* Sources */,
				993E333A1E4B76E900D13CC0 /* Frameworks */,
				993E333B1E4B76E900D13CC0 /* Resources */,
				82BB5186E267C0269BA48B42 /* [CP] Embed Pods Frameworks */,
				6F5D52E345826857717B33E7 /* [CP] Copy Pods Resources */,
			);
			buildRules = (
			);
			dependencies = (
			);
			name = FireBaseLoginRegister;
			productName = FireBaseLoginRegister;
			productReference = 993E333D1E4B76E900D13CC0 /* FireBaseLoginRegister.app */;
			productType = "com.apple.product-type.application";
		};
/* End PBXNativeTarget section */

/* Begin PBXProject section */
		993E33351E4B76E900D13CC0 /* Project object */ = {
			isa = PBXProject;
			attributes = {
				LastSwiftUpdateCheck = 0820;
				LastUpgradeCheck = 0820;
				ORGANIZATIONNAME = "Jakub Fryga";
				TargetAttributes = {
					993E333C1E4B76E900D13CC0 = {
						CreatedOnToolsVersion = 8.2.1;
						DevelopmentTeam = N36TCNTU2L;
						ProvisioningStyle = Automatic;
					};
				};
			};
			buildConfigurationList = 993E33381E4B76E900D13CC0 /* Build configuration list for PBXProject "FireBaseLoginRegister" */;
			compatibilityVersion = "Xcode 3.2";
			developmentRegion = English;
			hasScannedForEncodings = 0;
			knownRegions = (
				en,
				Base,
			);
			mainGroup = 993E33341E4B76E900D13CC0;
			productRefGroup = 993E333E1E4B76E900D13CC0 /* Products */;
			projectDirPath = "";
			projectRoot = "";
			targets = (
				993E333C1E4B76E900D13CC0 /* FireBaseLoginRegister */,
			);
		};
/* End PBXProject section */

/* Begin PBXResourcesBuildPhase section */
		993E333B1E4B76E900D13CC0 /* Resources */ = {
			isa = PBXResourcesBuildPhase;
			buildActionMask = 2147483647;
			files = (
				993E334B1E4B76E900D13CC0 /* LaunchScreen.storyboard in Resources */,
				993E33561E4BC54E00D13CC0 /* GoogleService-Info.plist in Resources */,
				993E33481E4B76E900D13CC0 /* Assets.xcassets in Resources */,
				993E33461E4B76E900D13CC0 /* Main.storyboard in Resources */,
			);
			runOnlyForDeploymentPostprocessing = 0;
		};
/* End PBXResourcesBuildPhase section */

/* Begin PBXShellScriptBuildPhase section */
		1B38DDF4888B912493C2B006 /* [CP] Check Pods Manifest.lock */ = {
			isa = PBXShellScriptBuildPhase;
			buildActionMask = 2147483647;
			files = (
			);
			inputPaths = (
			);
			name = "[CP] Check Pods Manifest.lock";
			outputPaths = (
			);
			runOnlyForDeploymentPostprocessing = 0;
			shellPath = /bin/sh;
			shellScript = "diff \"${PODS_ROOT}/../Podfile.lock\" \"${PODS_ROOT}/Manifest.lock\" > /dev/null\nif [ $? != 0 ] ; then\n    # print error to STDERR\n    echo \"error: The sandbox is not in sync with the Podfile.lock. Run 'pod install' or update your CocoaPods installation.\" >&2\n    exit 1\nfi\n";
			showEnvVarsInLog = 0;
		};
		6F5D52E345826857717B33E7 /* [CP] Copy Pods Resources */ = {
			isa = PBXShellScriptBuildPhase;
			buildActionMask = 2147483647;
			files = (
			);
			inputPaths = (
			);
			name = "[CP] Copy Pods Resources";
			outputPaths = (
			);
			runOnlyForDeploymentPostprocessing = 0;
			shellPath = /bin/sh;
			shellScript = "\"${SRCROOT}/Pods/Target Support Files/Pods-FireBaseLoginRegister/Pods-FireBaseLoginRegister-resources.sh\"\n";
			showEnvVarsInLog = 0;
		};
		82BB5186E267C0269BA48B42 /* [CP] Embed Pods Frameworks */ = {
			isa = PBXShellScriptBuildPhase;
			buildActionMask = 2147483647;
			files = (
			);
			inputPaths = (
			);
			name = "[CP] Embed Pods Frameworks";
			outputPaths = (
			);
			runOnlyForDeploymentPostprocessing = 0;
			shellPath = /bin/sh;
			shellScript = "\"${SRCROOT}/Pods/Target Support Files/Pods-FireBaseLoginRegister/Pods-FireBaseLoginRegister-frameworks.sh\"\n";
			showEnvVarsInLog = 0;
		};
/* End PBXShellScriptBuildPhase section */

/* Begin PBXSourcesBuildPhase section */
		993E33391E4B76E900D13CC0 /* Sources */ = {
			isa = PBXSourcesBuildPhase;
			buildActionMask = 2147483647;
			files = (
				997B19D21E4C8DB40004F5CD /* NewMessageTableViewController.swift in Sources */,
				993E33431E4B76E900D13CC0 /* MessagesController.swift in Sources */,
				997B19D71E4CA1D80004F5CD /* LoginController+handlers.swift in Sources */,
				993E33541E4B802D00D13CC0 /* LoginController.swift in Sources */,
				997B19D51E4C93DB0004F5CD /* User.swift in Sources */,
				993E33411E4B76E900D13CC0 /* AppDelegate.swift in Sources */,
				997B19DA1E4CD07A0004F5CD /* Extensions.swift in Sources */,
			);
			runOnlyForDeploymentPostprocessing = 0;
		};
/* End PBXSourcesBuildPhase section */

/* Begin PBXVariantGroup section */
		993E33441E4B76E900D13CC0 /* Main.storyboard */ = {
			isa = PBXVariantGroup;
			children = (
				993E33451E4B76E900D13CC0 /* Base */,
			);
			name = Main.storyboard;
			sourceTree = "<group>";
		};
		993E33491E4B76E900D13CC0 /* LaunchScreen.storyboard */ = {
			isa = PBXVariantGroup;
			children = (
				993E334A1E4B76E900D13CC0 /* Base */,
			);
			name = LaunchScreen.storyboard;
			sourceTree = "<group>";
		};
/* End PBXVariantGroup section */

/* Begin XCBuildConfiguration section */
		993E334D1E4B76E900D13CC0 /* Debug */ = {
			isa = XCBuildConfiguration;
			buildSettings = {
				ALWAYS_SEARCH_USER_PATHS = NO;
				CLANG_ANALYZER_NONNULL = YES;
				CLANG_CXX_LANGUAGE_STANDARD = "gnu++0x";
				CLANG_CXX_LIBRARY = "libc++";
				CLANG_ENABLE_MODULES = YES;
				CLANG_ENABLE_OBJC_ARC = YES;
				CLANG_WARN_BOOL_CONVERSION = YES;
				CLANG_WARN_CONSTANT_CONVERSION = YES;
				CLANG_WARN_DIRECT_OBJC_ISA_USAGE = YES_ERROR;
				CLANG_WARN_DOCUMENTATION_COMMENTS = YES;
				CLANG_WARN_EMPTY_BODY = YES;
				CLANG_WARN_ENUM_CONVERSION = YES;
				CLANG_WARN_INFINITE_RECURSION = YES;
				CLANG_WARN_INT_CONVERSION = YES;
				CLANG_WARN_OBJC_ROOT_CLASS = YES_ERROR;
				CLANG_WARN_SUSPICIOUS_MOVE = YES;
				CLANG_WARN_UNREACHABLE_CODE = YES;
				CLANG_WARN__DUPLICATE_METHOD_MATCH = YES;
				"CODE_SIGN_IDENTITY[sdk=iphoneos*]" = "iPhone Developer";
				COPY_PHASE_STRIP = NO;
				DEBUG_INFORMATION_FORMAT = dwarf;
				ENABLE_STRICT_OBJC_MSGSEND = YES;
				ENABLE_TESTABILITY = YES;
				GCC_C_LANGUAGE_STANDARD = gnu99;
				GCC_DYNAMIC_NO_PIC = NO;
				GCC_NO_COMMON_BLOCKS = YES;
				GCC_OPTIMIZATION_LEVEL = 0;
				GCC_PREPROCESSOR_DEFINITIONS = (
					"DEBUG=1",
					"$(inherited)",
				);
				GCC_WARN_64_TO_32_BIT_CONVERSION = YES;
				GCC_WARN_ABOUT_RETURN_TYPE = YES_ERROR;
				GCC_WARN_UNDECLARED_SELECTOR = YES;
				GCC_WARN_UNINITIALIZED_AUTOS = YES_AGGRESSIVE;
				GCC_WARN_UNUSED_FUNCTION = YES;
				GCC_WARN_UNUSED_VARIABLE = YES;
				IPHONEOS_DEPLOYMENT_TARGET = 10.2;
				MTL_ENABLE_DEBUG_INFO = YES;
				ONLY_ACTIVE_ARCH = YES;
				SDKROOT = iphoneos;
				SWIFT_ACTIVE_COMPILATION_CONDITIONS = DEBUG;
				SWIFT_OPTIMIZATION_LEVEL = "-Onone";
				TARGETED_DEVICE_FAMILY = "1,2";
			};
			name = Debug;
		};
		993E334E1E4B76E900D13CC0 /* Release */ = {
			isa = XCBuildConfiguration;
			buildSettings = {
				ALWAYS_SEARCH_USER_PATHS = NO;
				CLANG_ANALYZER_NONNULL = YES;
				CLANG_CXX_LANGUAGE_STANDARD = "gnu++0x";
				CLANG_CXX_LIBRARY = "libc++";
				CLANG_ENABLE_MODULES = YES;
				CLANG_ENABLE_OBJC_ARC = YES;
				CLANG_WARN_BOOL_CONVERSION = YES;
				CLANG_WARN_CONSTANT_CONVERSION = YES;
				CLANG_WARN_DIRECT_OBJC_ISA_USAGE = YES_ERROR;
				CLANG_WARN_DOCUMENTATION_COMMENTS = YES;
				CLANG_WARN_EMPTY_BODY = YES;
				CLANG_WARN_ENUM_CONVERSION = YES;
				CLANG_WARN_INFINITE_RECURSION = YES;
				CLANG_WARN_INT_CONVERSION = YES;
				CLANG_WARN_OBJC_ROOT_CLASS = YES_ERROR;
				CLANG_WARN_SUSPICIOUS_MOVE = YES;
				CLANG_WARN_UNREACHABLE_CODE = YES;
				CLANG_WARN__DUPLICATE_METHOD_MATCH = YES;
				"CODE_SIGN_IDENTITY[sdk=iphoneos*]" = "iPhone Developer";
				COPY_PHASE_STRIP = NO;
				DEBUG_INFORMATION_FORMAT = "dwarf-with-dsym";
				ENABLE_NS_ASSERTIONS = NO;
				ENABLE_STRICT_OBJC_MSGSEND = YES;
				GCC_C_LANGUAGE_STANDARD = gnu99;
				GCC_NO_COMMON_BLOCKS = YES;
				GCC_WARN_64_TO_32_BIT_CONVERSION = YES;
				GCC_WARN_ABOUT_RETURN_TYPE = YES_ERROR;
				GCC_WARN_UNDECLARED_SELECTOR = YES;
				GCC_WARN_UNINITIALIZED_AUTOS = YES_AGGRESSIVE;
				GCC_WARN_UNUSED_FUNCTION = YES;
				GCC_WARN_UNUSED_VARIABLE = YES;
				IPHONEOS_DEPLOYMENT_TARGET = 10.2;
				MTL_ENABLE_DEBUG_INFO = NO;
				SDKROOT = iphoneos;
				SWIFT_OPTIMIZATION_LEVEL = "-Owholemodule";
				TARGETED_DEVICE_FAMILY = "1,2";
				VALIDATE_PRODUCT = YES;
			};
			name = Release;
		};
		993E33501E4B76E900D13CC0 /* Debug */ = {
			isa = XCBuildConfiguration;
			baseConfigurationReference = B642952C570B38824D476A87 /* Pods-FireBaseLoginRegister.debug.xcconfig */;
			buildSettings = {
				ASSETCATALOG_COMPILER_APPICON_NAME = AppIcon;
				DEVELOPMENT_TEAM = N36TCNTU2L;
				INFOPLIST_FILE = FireBaseLoginRegister/Info.plist;
				LD_RUNPATH_SEARCH_PATHS = "$(inherited) @executable_path/Frameworks";
				PRODUCT_BUNDLE_IDENTIFIER = com.qubuss.FireBaseLoginRegister;
				PRODUCT_NAME = "$(TARGET_NAME)";
				SWIFT_VERSION = 3.0;
			};
			name = Debug;
		};
		993E33511E4B76E900D13CC0 /* Release */ = {
			isa = XCBuildConfiguration;
			baseConfigurationReference = 4E2BB721BA373C28566FC089 /* Pods-FireBaseLoginRegister.release.xcconfig */;
			buildSettings = {
				ASSETCATALOG_COMPILER_APPICON_NAME = AppIcon;
				DEVELOPMENT_TEAM = N36TCNTU2L;
				INFOPLIST_FILE = FireBaseLoginRegister/Info.plist;
				LD_RUNPATH_SEARCH_PATHS = "$(inherited) @executable_path/Frameworks";
				PRODUCT_BUNDLE_IDENTIFIER = com.qubuss.FireBaseLoginRegister;
				PRODUCT_NAME = "$(TARGET_NAME)";
				SWIFT_VERSION = 3.0;
			};
			name = Release;
		};
/* End XCBuildConfiguration section */

/* Begin XCConfigurationList section */
		993E33381E4B76E900D13CC0 /* Build configuration list for PBXProject "FireBaseLoginRegister" */ = {
			isa = XCConfigurationList;
			buildConfigurations = (
				993E334D1E4B76E900D13CC0 /* Debug */,
				993E334E1E4B76E900D13CC0 /* Release */,
			);
			defaultConfigurationIsVisible = 0;
			defaultConfigurationName = Release;
		};
		993E334F1E4B76E900D13CC0 /* Build configuration list for PBXNativeTarget "FireBaseLoginRegister" */ = {
			isa = XCConfigurationList;
			buildConfigurations = (
				993E33501E4B76E900D13CC0 /* Debug */,
				993E33511E4B76E900D13CC0 /* Release */,
			);
			defaultConfigurationIsVisible = 0;
			defaultConfigurationName = Release;
		};
/* End XCConfigurationList section */
	};
	rootObject = 993E33351E4B76E900D13CC0 /* Project object */;
}
